
Microsoft Visual Studio Solution File, Format Version 12.00
# Visual Studio Version 16
VisualStudioVersion = 16.0.31105.61
MinimumVisualStudioVersion = 10.0.40219.1
Project("{FAE04EC0-301F-11D3-BF4B-00C04F79EFBC}") = "ConsoleApp1", "ConsoleApp1\ConsoleApp1.csproj", "{AA5A7886-A1D3-4BA3-BC0E-3EDC77411F72}"
EndProject
Global
	GlobalSection(SolutionConfigurationPlatforms) = preSolution
		Debug|Any CPU = Debug|Any CPU
		Release|Any CPU = Release|Any CPU
	EndGlobalSection
	GlobalSection(ProjectConfigurationPlatforms) = postSolution
		{AA5A7886-A1D3-4BA3-BC0E-3EDC77411F72}.Debug|Any CPU.ActiveCfg = Debug|Any CPU
		{AA5A7886-A1D3-4BA3-BC0E-3EDC77411F72}.Debug|Any CPU.Build.0 = Debug|Any CPU
		{AA5A7886-A1D3-4BA3-BC0E-3EDC77411F72}.Release|Any CPU.ActiveCfg = Release|Any CPU
		{AA5A7886-A1D3-4BA3-BC0E-3EDC77411F72}.Release|Any CPU.Build.0 = Release|Any CPU
	EndGlobalSection
	GlobalSection(SolutionProperties) = preSolution
		HideSolutionNode = FALSE
	EndGlobalSection
	GlobalSection(ExtensibilityGlobals) = postSolution
		SolutionGuid = {81F38064-969C-4EC5-8D97-39C49330DB24}
	EndGlobalSection
EndGlobal
