
Microsoft Visual Studio Solution File, Format Version 12.00
# Visual Studio Version 16
VisualStudioVersion = 16.0.31105.61
MinimumVisualStudioVersion = 10.0.40219.1
Project("{FAE04EC0-301F-11D3-BF4B-00C04F79EFBC}") = "CSBasic2", "CSBasic2\CSBasic2.csproj", "{DBD1BB83-9F09-423B-804C-2DFBBE7CF1D6}"
EndProject
Global
	GlobalSection(SolutionConfigurationPlatforms) = preSolution
		Debug|Any CPU = Debug|Any CPU
		Release|Any CPU = Release|Any CPU
	EndGlobalSection
	GlobalSection(ProjectConfigurationPlatforms) = postSolution
		{DBD1BB83-9F09-423B-804C-2DFBBE7CF1D6}.Debug|Any CPU.ActiveCfg = Debug|Any CPU
		{DBD1BB83-9F09-423B-804C-2DFBBE7CF1D6}.Debug|Any CPU.Build.0 = Debug|Any CPU
		{DBD1BB83-9F09-423B-804C-2DFBBE7CF1D6}.Release|Any CPU.ActiveCfg = Release|Any CPU
		{DBD1BB83-9F09-423B-804C-2DFBBE7CF1D6}.Release|Any CPU.Build.0 = Release|Any CPU
	EndGlobalSection
	GlobalSection(SolutionProperties) = preSolution
		HideSolutionNode = FALSE
	EndGlobalSection
	GlobalSection(ExtensibilityGlobals) = postSolution
		SolutionGuid = {3CEB0A5D-1C2C-4C38-94E4-4DFF57298A7B}
	EndGlobalSection
EndGlobal
